
Microsoft Visual Studio Solution File, Format Version 12.00
# Visual Studio Version 16
VisualStudioVersion = 16.0.30204.135
MinimumVisualStudioVersion = 10.0.40219.1
Project("{2150E333-8FDC-42A3-9474-1A3956D46DE8}") = "src", "src", "{962F8E15-BB34-46E4-A885-6F54BBE6DCFF}"
EndProject
Project("{2150E333-8FDC-42A3-9474-1A3956D46DE8}") = "tests", "tests", "{0A4534F4-D2D0-4CA5-BCFB-623EA471C328}"
EndProject
Project("{2150E333-8FDC-42A3-9474-1A3956D46DE8}") = "api", "api", "{7262F730-3EFA-4971-92C3-C2C9FF25A6BC}"
EndProject
Project("{2150E333-8FDC-42A3-9474-1A3956D46DE8}") = "data", "data", "{697CEA20-0BCA-40DF-88DC-B531C9D627B8}"
EndProject
Project("{2150E333-8FDC-42A3-9474-1A3956D46DE8}") = "domain", "domain", "{952BAB83-96A8-4A7F-8FAA-573DA39A846F}"
EndProject
Project("{2150E333-8FDC-42A3-9474-1A3956D46DE8}") = "services", "services", "{120F9395-01E2-4111-9125-80B5D5083CD4}"
EndProject
Project("{9A19103F-16F7-4668-BE54-9A1E7A4F7556}") = "BasicProject.Api", "src\api\BasicProject.Api\BasicProject.Api.csproj", "{80B6535F-369B-4FA0-8C66-576580FBAFDC}"
EndProject
Project("{9A19103F-16F7-4668-BE54-9A1E7A4F7556}") = "BasicProject.Data", "src\data\BasicProject.Data\BasicProject.Data.csproj", "{08B86842-161C-4719-AA93-06CF7778098C}"
EndProject
Project("{9A19103F-16F7-4668-BE54-9A1E7A4F7556}") = "BasicProject.Data.Tests", "tests\BasicProject.Data.Tests\BasicProject.Data.Tests.csproj", "{BAD771CD-3746-4CFA-9BA0-C06341D7FA63}"
EndProject
Project("{9A19103F-16F7-4668-BE54-9A1E7A4F7556}") = "BasicProject.Api.Tests", "tests\BasicProject.Api.Tests\BasicProject.Api.Tests.csproj", "{CF416A0D-45F9-49B2-B722-CC11CF5AA474}"
EndProject
Project("{9A19103F-16F7-4668-BE54-9A1E7A4F7556}") = "BasicProject.Services.Tests", "tests\BasicProject.Services.Tests\BasicProject.Services.Tests.csproj", "{639B8694-2EEC-4D76-9F9A-5ADC022E9219}"
EndProject
Project("{2150E333-8FDC-42A3-9474-1A3956D46DE8}") = "common", "common", "{4A456626-CBD4-451E-BFCE-1F70AF879286}"
EndProject
Project("{9A19103F-16F7-4668-BE54-9A1E7A4F7556}") = "BasicProject.Logger", "src\commons\BasicProject.Logger\BasicProject.Logger.csproj", "{343BCC07-E467-4DC3-98AF-C7AC953034BB}"
EndProject
Project("{9A19103F-16F7-4668-BE54-9A1E7A4F7556}") = "BasicProject.Data.PostgreSql", "src\data\BasicProject.Data.PostgreSql\BasicProject.Data.PostgreSql.csproj", "{B84C667D-BD81-43DB-B9C1-992509B1C0A6}"
EndProject
Project("{2150E333-8FDC-42A3-9474-1A3956D46DE8}") = "command", "command", "{AB4CC66A-EBE6-4670-8A19-FBFD949C07D0}"
EndProject
Project("{9A19103F-16F7-4668-BE54-9A1E7A4F7556}") = "BasicProject.Command", "src\commands\BasicProject.Command\BasicProject.Command.csproj", "{40187193-D8C4-4557-9E8D-2DAA354C2550}"
EndProject
Project("{9A19103F-16F7-4668-BE54-9A1E7A4F7556}") = "BasicProject.Api.Exceptions", "src\api\BasicProject.Api.Exceptions\BasicProject.Api.Exceptions.csproj", "{39DD1F2E-BE6C-433D-B50B-B38E6B065CBA}"
EndProject
Project("{2150E333-8FDC-42A3-9474-1A3956D46DE8}") = "Solution Items", "Solution Items", "{E7A6B08F-3565-4073-B877-2AF566B2DDCF}"
EndProject
Project("{9A19103F-16F7-4668-BE54-9A1E7A4F7556}") = "BasicProject.Domain", "src\domain\BasicProject.Domain\BasicProject.Domain.csproj", "{788481C9-6988-4E66-A7CB-47E8FE4EF9F4}"
EndProject
Project("{9A19103F-16F7-4668-BE54-9A1E7A4F7556}") = "BasicProject.Services", "src\services\BasicProject.Services\BasicProject.Services.csproj", "{49FFE608-65E3-488A-BC6C-EDB1025CFEDB}"
EndProject
Global
	GlobalSection(SolutionConfigurationPlatforms) = preSolution
		Debug|Any CPU = Debug|Any CPU
		Release|Any CPU = Release|Any CPU
	EndGlobalSection
	GlobalSection(ProjectConfigurationPlatforms) = postSolution
		{80B6535F-369B-4FA0-8C66-576580FBAFDC}.Debug|Any CPU.ActiveCfg = Debug|Any CPU
		{80B6535F-369B-4FA0-8C66-576580FBAFDC}.Debug|Any CPU.Build.0 = Debug|Any CPU
		{80B6535F-369B-4FA0-8C66-576580FBAFDC}.Release|Any CPU.ActiveCfg = Release|Any CPU
		{80B6535F-369B-4FA0-8C66-576580FBAFDC}.Release|Any CPU.Build.0 = Release|Any CPU
		{08B86842-161C-4719-AA93-06CF7778098C}.Debug|Any CPU.ActiveCfg = Debug|Any CPU
		{08B86842-161C-4719-AA93-06CF7778098C}.Debug|Any CPU.Build.0 = Debug|Any CPU
		{08B86842-161C-4719-AA93-06CF7778098C}.Release|Any CPU.ActiveCfg = Release|Any CPU
		{08B86842-161C-4719-AA93-06CF7778098C}.Release|Any CPU.Build.0 = Release|Any CPU
		{BAD771CD-3746-4CFA-9BA0-C06341D7FA63}.Debug|Any CPU.ActiveCfg = Debug|Any CPU
		{BAD771CD-3746-4CFA-9BA0-C06341D7FA63}.Debug|Any CPU.Build.0 = Debug|Any CPU
		{BAD771CD-3746-4CFA-9BA0-C06341D7FA63}.Release|Any CPU.ActiveCfg = Release|Any CPU
		{BAD771CD-3746-4CFA-9BA0-C06341D7FA63}.Release|Any CPU.Build.0 = Release|Any CPU
		{CF416A0D-45F9-49B2-B722-CC11CF5AA474}.Debug|Any CPU.ActiveCfg = Debug|Any CPU
		{CF416A0D-45F9-49B2-B722-CC11CF5AA474}.Debug|Any CPU.Build.0 = Debug|Any CPU
		{CF416A0D-45F9-49B2-B722-CC11CF5AA474}.Release|Any CPU.ActiveCfg = Release|Any CPU
		{CF416A0D-45F9-49B2-B722-CC11CF5AA474}.Release|Any CPU.Build.0 = Release|Any CPU
		{639B8694-2EEC-4D76-9F9A-5ADC022E9219}.Debug|Any CPU.ActiveCfg = Debug|Any CPU
		{639B8694-2EEC-4D76-9F9A-5ADC022E9219}.Debug|Any CPU.Build.0 = Debug|Any CPU
		{639B8694-2EEC-4D76-9F9A-5ADC022E9219}.Release|Any CPU.ActiveCfg = Release|Any CPU
		{639B8694-2EEC-4D76-9F9A-5ADC022E9219}.Release|Any CPU.Build.0 = Release|Any CPU
		{343BCC07-E467-4DC3-98AF-C7AC953034BB}.Debug|Any CPU.ActiveCfg = Debug|Any CPU
		{343BCC07-E467-4DC3-98AF-C7AC953034BB}.Debug|Any CPU.Build.0 = Debug|Any CPU
		{343BCC07-E467-4DC3-98AF-C7AC953034BB}.Release|Any CPU.ActiveCfg = Release|Any CPU
		{343BCC07-E467-4DC3-98AF-C7AC953034BB}.Release|Any CPU.Build.0 = Release|Any CPU
		{B84C667D-BD81-43DB-B9C1-992509B1C0A6}.Debug|Any CPU.ActiveCfg = Debug|Any CPU
		{B84C667D-BD81-43DB-B9C1-992509B1C0A6}.Debug|Any CPU.Build.0 = Debug|Any CPU
		{B84C667D-BD81-43DB-B9C1-992509B1C0A6}.Release|Any CPU.ActiveCfg = Release|Any CPU
		{B84C667D-BD81-43DB-B9C1-992509B1C0A6}.Release|Any CPU.Build.0 = Release|Any CPU
		{40187193-D8C4-4557-9E8D-2DAA354C2550}.Debug|Any CPU.ActiveCfg = Debug|Any CPU
		{40187193-D8C4-4557-9E8D-2DAA354C2550}.Debug|Any CPU.Build.0 = Debug|Any CPU
		{40187193-D8C4-4557-9E8D-2DAA354C2550}.Release|Any CPU.ActiveCfg = Release|Any CPU
		{40187193-D8C4-4557-9E8D-2DAA354C2550}.Release|Any CPU.Build.0 = Release|Any CPU
		{39DD1F2E-BE6C-433D-B50B-B38E6B065CBA}.Debug|Any CPU.ActiveCfg = Debug|Any CPU
		{39DD1F2E-BE6C-433D-B50B-B38E6B065CBA}.Debug|Any CPU.Build.0 = Debug|Any CPU
		{39DD1F2E-BE6C-433D-B50B-B38E6B065CBA}.Release|Any CPU.ActiveCfg = Release|Any CPU
		{39DD1F2E-BE6C-433D-B50B-B38E6B065CBA}.Release|Any CPU.Build.0 = Release|Any CPU
		{788481C9-6988-4E66-A7CB-47E8FE4EF9F4}.Debug|Any CPU.ActiveCfg = Debug|Any CPU
		{788481C9-6988-4E66-A7CB-47E8FE4EF9F4}.Debug|Any CPU.Build.0 = Debug|Any CPU
		{788481C9-6988-4E66-A7CB-47E8FE4EF9F4}.Release|Any CPU.ActiveCfg = Release|Any CPU
		{788481C9-6988-4E66-A7CB-47E8FE4EF9F4}.Release|Any CPU.Build.0 = Release|Any CPU
		{49FFE608-65E3-488A-BC6C-EDB1025CFEDB}.Debug|Any CPU.ActiveCfg = Debug|Any CPU
		{49FFE608-65E3-488A-BC6C-EDB1025CFEDB}.Debug|Any CPU.Build.0 = Debug|Any CPU
		{49FFE608-65E3-488A-BC6C-EDB1025CFEDB}.Release|Any CPU.ActiveCfg = Release|Any CPU
		{49FFE608-65E3-488A-BC6C-EDB1025CFEDB}.Release|Any CPU.Build.0 = Release|Any CPU
	EndGlobalSection
	GlobalSection(SolutionProperties) = preSolution
		HideSolutionNode = FALSE
	EndGlobalSection
	GlobalSection(NestedProjects) = preSolution
		{7262F730-3EFA-4971-92C3-C2C9FF25A6BC} = {962F8E15-BB34-46E4-A885-6F54BBE6DCFF}
		{697CEA20-0BCA-40DF-88DC-B531C9D627B8} = {962F8E15-BB34-46E4-A885-6F54BBE6DCFF}
		{952BAB83-96A8-4A7F-8FAA-573DA39A846F} = {962F8E15-BB34-46E4-A885-6F54BBE6DCFF}
		{120F9395-01E2-4111-9125-80B5D5083CD4} = {962F8E15-BB34-46E4-A885-6F54BBE6DCFF}
		{80B6535F-369B-4FA0-8C66-576580FBAFDC} = {7262F730-3EFA-4971-92C3-C2C9FF25A6BC}
		{08B86842-161C-4719-AA93-06CF7778098C} = {697CEA20-0BCA-40DF-88DC-B531C9D627B8}
		{BAD771CD-3746-4CFA-9BA0-C06341D7FA63} = {0A4534F4-D2D0-4CA5-BCFB-623EA471C328}
		{CF416A0D-45F9-49B2-B722-CC11CF5AA474} = {0A4534F4-D2D0-4CA5-BCFB-623EA471C328}
		{639B8694-2EEC-4D76-9F9A-5ADC022E9219} = {0A4534F4-D2D0-4CA5-BCFB-623EA471C328}
		{4A456626-CBD4-451E-BFCE-1F70AF879286} = {962F8E15-BB34-46E4-A885-6F54BBE6DCFF}
		{343BCC07-E467-4DC3-98AF-C7AC953034BB} = {4A456626-CBD4-451E-BFCE-1F70AF879286}
		{B84C667D-BD81-43DB-B9C1-992509B1C0A6} = {697CEA20-0BCA-40DF-88DC-B531C9D627B8}
		{AB4CC66A-EBE6-4670-8A19-FBFD949C07D0} = {962F8E15-BB34-46E4-A885-6F54BBE6DCFF}
		{40187193-D8C4-4557-9E8D-2DAA354C2550} = {AB4CC66A-EBE6-4670-8A19-FBFD949C07D0}
		{39DD1F2E-BE6C-433D-B50B-B38E6B065CBA} = {7262F730-3EFA-4971-92C3-C2C9FF25A6BC}
		{788481C9-6988-4E66-A7CB-47E8FE4EF9F4} = {952BAB83-96A8-4A7F-8FAA-573DA39A846F}
		{49FFE608-65E3-488A-BC6C-EDB1025CFEDB} = {120F9395-01E2-4111-9125-80B5D5083CD4}
	EndGlobalSection
	GlobalSection(ExtensibilityGlobals) = postSolution
		SolutionGuid = {00AC702F-7FC4-427B-9E32-91C3509F6E04}
	EndGlobalSection
EndGlobal
